// !$*UTF8*$!
{
	archiveVersion = 1;
	classes = {
	};
	objectVersion = 46;
	objects = {

/* Begin PBXBuildFile section */
		929CFDB51D048CEF006B55F0 /* AppDelegate.swift in Sources */ = {isa = PBXBuildFile; fileRef = 929CFDB41D048CEF006B55F0 /* AppDelegate.swift */; };
		929CFDB71D048CEF006B55F0 /* ViewController.swift in Sources */ = {isa = PBXBuildFile; fileRef = 929CFDB61D048CEF006B55F0 /* ViewController.swift */; };
		929CFDBA1D048CEF006B55F0 /* Main.storyboard in Resources */ = {isa = PBXBuildFile; fileRef = 929CFDB81D048CEF006B55F0 /* Main.storyboard */; };
		929CFDBC1D048CEF006B55F0 /* Assets.xcassets in Resources */ = {isa = PBXBuildFile; fileRef = 929CFDBB1D048CEF006B55F0 /* Assets.xcassets */; };
		929CFDBF1D048CEF006B55F0 /* LaunchScreen.storyboard in Resources */ = {isa = PBXBuildFile; fileRef = 929CFDBD1D048CEF006B55F0 /* LaunchScreen.storyboard */; };
/* End PBXBuildFile section */

/* Begin PBXFileReference section */
		929CFDB11D048CEF006B55F0 /* TestSwiftRepo.app */ = {isa = PBXFileReference; explicitFileType = wrapper.application; includeInIndex = 0; path = TestSwiftRepo.app; sourceTree = BUILT_PRODUCTS_DIR; };
		929CFDB41D048CEF006B55F0 /* AppDelegate.swift */ = {isa = PBXFileReference; lastKnownFileType = sourcecode.swift; path = AppDelegate.swift; sourceTree = "<group>"; };
		929CFDB61D048CEF006B55F0 /* ViewController.swift */ = {isa = PBXFileReference; lastKnownFileType = sourcecode.swift; path = ViewController.swift; sourceTree = "<group>"; };
		929CFDB91D048CEF006B55F0 /* Base */ = {isa = PBXFileReference; lastKnownFileType = file.storyboard; name = Base; path = Base.lproj/Main.storyboard; sourceTree = "<group>"; };
		929CFDBB1D048CEF006B55F0 /* Assets.xcassets */ = {isa = PBXFileReference; lastKnownFileType = folder.assetcatalog; path = Assets.xcassets; sourceTree = "<group>"; };
		929CFDBE1D048CEF006B55F0 /* Base */ = {isa = PBXFileReference; lastKnownFileType = file.storyboard; name = Base; path = Base.lproj/LaunchScreen.storyboard; sourceTree = "<group>"; };
		929CFDC01D048CEF006B55F0 /* Info.plist */ = {isa = PBXFileReference; lastKnownFileType = text.plist.xml; path = Info.plist; sourceTree = "<group>"; };
		929CFDC61D04B679006B55F0 /* testfairy-upload-ios.sh */ = {isa = PBXFileReference; fileEncoding = 4; lastKnownFileType = text.script.sh; path = "testfairy-upload-ios.sh"; sourceTree = SOURCE_ROOT; };
/* End PBXFileReference section */

/* Begin PBXFrameworksBuildPhase section */
		929CFDAE1D048CEF006B55F0 /* Frameworks */ = {
			isa = PBXFrameworksBuildPhase;
			buildActionMask = 2147483647;
			files = (
			);
			runOnlyForDeploymentPostprocessing = 0;
		};
/* End PBXFrameworksBuildPhase section */

/* Begin PBXGroup section */
		929CFDA81D048CEF006B55F0 = {
			isa = PBXGroup;
			children = (
				929CFDB31D048CEF006B55F0 /* TestSwiftRepo */,
				929CFDB21D048CEF006B55F0 /* Products */,
			);
			sourceTree = "<group>";
		};
		929CFDB21D048CEF006B55F0 /* Products */ = {
			isa = PBXGroup;
			children = (
				929CFDB11D048CEF006B55F0 /* TestSwiftRepo.app */,
			);
			name = Products;
			sourceTree = "<group>";
		};
		929CFDB31D048CEF006B55F0 /* TestSwiftRepo */ = {
			isa = PBXGroup;
			children = (
				929CFDB41D048CEF006B55F0 /* AppDelegate.swift */,
				929CFDB61D048CEF006B55F0 /* ViewController.swift */,
				929CFDB81D048CEF006B55F0 /* Main.storyboard */,
				929CFDBB1D048CEF006B55F0 /* Assets.xcassets */,
				929CFDBD1D048CEF006B55F0 /* LaunchScreen.storyboard */,
				929CFDC01D048CEF006B55F0 /* Info.plist */,
				929CFDC61D04B679006B55F0 /* testfairy-upload-ios.sh */,
			);
			path = TestSwiftRepo;
			sourceTree = "<group>";
		};
/* End PBXGroup section */

/* Begin PBXNativeTarget section */
		929CFDB01D048CEF006B55F0 /* TestSwiftRepo */ = {
			isa = PBXNativeTarget;
			buildConfigurationList = 929CFDC31D048CEF006B55F0 /* Build configuration list for PBXNativeTarget "TestSwiftRepo" */;
			buildPhases = (
				929CFDAD1D048CEF006B55F0 /* Sources */,
				929CFDAE1D048CEF006B55F0 /* Frameworks */,
				929CFDAF1D048CEF006B55F0 /* Resources */,
			);
			buildRules = (
			);
			dependencies = (
			);
			name = TestSwiftRepo;
			productName = TestSwiftRepo;
			productReference = 929CFDB11D048CEF006B55F0 /* TestSwiftRepo.app */;
			productType = "com.apple.product-type.application";
		};
/* End PBXNativeTarget section */

/* Begin PBXProject section */
		929CFDA91D048CEF006B55F0 /* Project object */ = {
			isa = PBXProject;
			attributes = {
				LastSwiftUpdateCheck = 0730;
				LastUpgradeCheck = 0730;
				ORGANIZATIONNAME = denis.vasilevsky;
				TargetAttributes = {
					929CFDB01D048CEF006B55F0 = {
						CreatedOnToolsVersion = 7.3.1;
					};
				};
			};
			buildConfigurationList = 929CFDAC1D048CEF006B55F0 /* Build configuration list for PBXProject "TestSwiftRepo" */;
			compatibilityVersion = "Xcode 3.2";
			developmentRegion = English;
			hasScannedForEncodings = 0;
			knownRegions = (
				en,
				Base,
			);
			mainGroup = 929CFDA81D048CEF006B55F0;
			productRefGroup = 929CFDB21D048CEF006B55F0 /* Products */;
			projectDirPath = "";
			projectRoot = "";
			targets = (
				929CFDB01D048CEF006B55F0 /* TestSwiftRepo */,
			);
		};
/* End PBXProject section */

/* Begin PBXResourcesBuildPhase section */
		929CFDAF1D048CEF006B55F0 /* Resources */ = {
			isa = PBXResourcesBuildPhase;
			buildActionMask = 2147483647;
			files = (
				929CFDBF1D048CEF006B55F0 /* LaunchScreen.storyboard in Resources */,
				929CFDBC1D048CEF006B55F0 /* Assets.xcassets in Resources */,
				929CFDBA1D048CEF006B55F0 /* Main.storyboard in Resources */,
			);
			runOnlyForDeploymentPostprocessing = 0;
		};
/* End PBXResourcesBuildPhase section */

/* Begin PBXSourcesBuildPhase section */
		929CFDAD1D048CEF006B55F0 /* Sources */ = {
			isa = PBXSourcesBuildPhase;
			buildActionMask = 2147483647;
			files = (
				929CFDB71D048CEF006B55F0 /* ViewController.swift in Sources */,
				929CFDB51D048CEF006B55F0 /* AppDelegate.swift in Sources */,
			);
			runOnlyForDeploymentPostprocessing = 0;
		};
/* End PBXSourcesBuildPhase section */

/* Begin PBXVariantGroup section */
		929CFDB81D048CEF006B55F0 /* Main.storyboard */ = {
			isa = PBXVariantGroup;
			children = (
				929CFDB91D048CEF006B55F0 /* Base */,
			);
			name = Main.storyboard;
			sourceTree = "<group>";
		};
		929CFDBD1D048CEF006B55F0 /* LaunchScreen.storyboard */ = {
			isa = PBXVariantGroup;
			children = (
				929CFDBE1D048CEF006B55F0 /* Base */,
			);
			name = LaunchScreen.storyboard;
			sourceTree = "<group>";
		};
/* End PBXVariantGroup section */

/* Begin XCBuildConfiguration section */
		929CFDC11D048CEF006B55F0 /* Debug */ = {
			isa = XCBuildConfiguration;
			buildSettings = {
				ALWAYS_SEARCH_USER_PATHS = NO;
				CLANG_ANALYZER_NONNULL = YES;
				CLANG_CXX_LANGUAGE_STANDARD = "gnu++0x";
				CLANG_CXX_LIBRARY = "libc++";
				CLANG_ENABLE_MODULES = YES;
				CLANG_ENABLE_OBJC_ARC = YES;
				CLANG_WARN_BOOL_CONVERSION = YES;
				CLANG_WARN_CONSTANT_CONVERSION = YES;
				CLANG_WARN_DIRECT_OBJC_ISA_USAGE = YES_ERROR;
				CLANG_WARN_EMPTY_BODY = YES;
				CLANG_WARN_ENUM_CONVERSION = YES;
				CLANG_WARN_INT_CONVERSION = YES;
				CLANG_WARN_OBJC_ROOT_CLASS = YES_ERROR;
				CLANG_WARN_UNREACHABLE_CODE = YES;
				CLANG_WARN__DUPLICATE_METHOD_MATCH = YES;
				"CODE_SIGN_IDENTITY[sdk=iphoneos*]" = "iPhone Developer";
				COPY_PHASE_STRIP = NO;
				DEBUG_INFORMATION_FORMAT = dwarf;
				ENABLE_STRICT_OBJC_MSGSEND = YES;
				ENABLE_TESTABILITY = YES;
				GCC_C_LANGUAGE_STANDARD = gnu99;
				GCC_DYNAMIC_NO_PIC = NO;
				GCC_NO_COMMON_BLOCKS = YES;
				GCC_OPTIMIZATION_LEVEL = 0;
				GCC_PREPROCESSOR_DEFINITIONS = (
					"DEBUG=1",
					"$(inherited)",
				);
				GCC_WARN_64_TO_32_BIT_CONVERSION = YES;
				GCC_WARN_ABOUT_RETURN_TYPE = YES_ERROR;
				GCC_WARN_UNDECLARED_SELECTOR = YES;
				GCC_WARN_UNINITIALIZED_AUTOS = YES_AGGRESSIVE;
				GCC_WARN_UNUSED_FUNCTION = YES;
				GCC_WARN_UNUSED_VARIABLE = YES;
				IPHONEOS_DEPLOYMENT_TARGET = 8.2;
				MTL_ENABLE_DEBUG_INFO = YES;
				ONLY_ACTIVE_ARCH = YES;
				SDKROOT = iphoneos;
				SWIFT_OPTIMIZATION_LEVEL = "-Onone";
			};
			name = Debug;
		};
		929CFDC21D048CEF006B55F0 /* Release */ = {
			isa = XCBuildConfiguration;
			buildSettings = {
				ALWAYS_SEARCH_USER_PATHS = NO;
				CLANG_ANALYZER_NONNULL = YES;
				CLANG_CXX_LANGUAGE_STANDARD = "gnu++0x";
				CLANG_CXX_LIBRARY = "libc++";
				CLANG_ENABLE_MODULES = YES;
				CLANG_ENABLE_OBJC_ARC = YES;
				CLANG_WARN_BOOL_CONVERSION = YES;
				CLANG_WARN_CONSTANT_CONVERSION = YES;
				CLANG_WARN_DIRECT_OBJC_ISA_USAGE = YES_ERROR;
				CLANG_WARN_EMPTY_BODY = YES;
				CLANG_WARN_ENUM_CONVERSION = YES;
				CLANG_WARN_INT_CONVERSION = YES;
				CLANG_WARN_OBJC_ROOT_CLASS = YES_ERROR;
				CLANG_WARN_UNREACHABLE_CODE = YES;
				CLANG_WARN__DUPLICATE_METHOD_MATCH = YES;
				"CODE_SIGN_IDENTITY[sdk=iphoneos*]" = "iPhone Developer";
				COPY_PHASE_STRIP = NO;
				DEBUG_INFORMATION_FORMAT = "dwarf-with-dsym";
				ENABLE_NS_ASSERTIONS = NO;
				ENABLE_STRICT_OBJC_MSGSEND = YES;
				GCC_C_LANGUAGE_STANDARD = gnu99;
				GCC_NO_COMMON_BLOCKS = YES;
				GCC_WARN_64_TO_32_BIT_CONVERSION = YES;
				GCC_WARN_ABOUT_RETURN_TYPE = YES_ERROR;
				GCC_WARN_UNDECLARED_SELECTOR = YES;
				GCC_WARN_UNINITIALIZED_AUTOS = YES_AGGRESSIVE;
				GCC_WARN_UNUSED_FUNCTION = YES;
				GCC_WARN_UNUSED_VARIABLE = YES;
				IPHONEOS_DEPLOYMENT_TARGET = 8.2;
				MTL_ENABLE_DEBUG_INFO = NO;
				SDKROOT = iphoneos;
				VALIDATE_PRODUCT = YES;
			};
			name = Release;
		};
		929CFDC41D048CEF006B55F0 /* Debug */ = {
			isa = XCBuildConfiguration;
			buildSettings = {
				ASSETCATALOG_COMPILER_APPICON_NAME = AppIcon;
				INFOPLIST_FILE = TestSwiftRepo/Info.plist;
				LD_RUNPATH_SEARCH_PATHS = "$(inherited) @executable_path/Frameworks";
				PRODUCT_BUNDLE_IDENTIFIER = com.alconost.nitroapp;
				PRODUCT_NAME = "$(TARGET_NAME)";
				PROVISIONING_PROFILE = "7c1914fa-cedf-4011-9c82-e9a05c41e44c";
			};
			name = Debug;
		};
		929CFDC51D048CEF006B55F0 /* Release */ = {
			isa = XCBuildConfiguration;
			buildSettings = {
				ASSETCATALOG_COMPILER_APPICON_NAME = AppIcon;
				INFOPLIST_FILE = TestSwiftRepo/Info.plist;
				LD_RUNPATH_SEARCH_PATHS = "$(inherited) @executable_path/Frameworks";
				PRODUCT_BUNDLE_IDENTIFIER = com.alconost.nitroapp;
				PRODUCT_NAME = "$(TARGET_NAME)";
				PROVISIONING_PROFILE = "7c1914fa-cedf-4011-9c82-e9a05c41e44c";
			};
			name = Release;
		};
/* End XCBuildConfiguration section */

/* Begin XCConfigurationList section */
		929CFDAC1D048CEF006B55F0 /* Build configuration list for PBXProject "TestSwiftRepo" */ = {
			isa = XCConfigurationList;
			buildConfigurations = (
				929CFDC11D048CEF006B55F0 /* Debug */,
				929CFDC21D048CEF006B55F0 /* Release */,
			);
			defaultConfigurationIsVisible = 0;
			defaultConfigurationName = Release;
		};
		929CFDC31D048CEF006B55F0 /* Build configuration list for PBXNativeTarget "TestSwiftRepo" */ = {
			isa = XCConfigurationList;
			buildConfigurations = (
				929CFDC41D048CEF006B55F0 /* Debug */,
				929CFDC51D048CEF006B55F0 /* Release */,
			);
			defaultConfigurationIsVisible = 0;
			defaultConfigurationName = Release;
		};
/* End XCConfigurationList section */
	};
	rootObject = 929CFDA91D048CEF006B55F0 /* Project object */;
}
